
Microsoft Visual Studio Solution File, Format Version 10.00
# Visual Studio 2008
Project("{FAE04EC0-301F-11D3-BF4B-00C04F79EFBC}") = "Tween4cs", "Project\Tween4cs.csproj", "{1694A4E8-5FFE-47FD-A62C-327A42208990}"
EndProject
Project("{9344bdbb-3e7f-41fc-a0dd-8665d75ee146}") = "Packages", "Packages.mdproj", "{58B5EED2-B817-49D8-9A5A-88E3C1863F88}"
EndProject
Global
	GlobalSection(SolutionConfigurationPlatforms) = preSolution
		Debug|x86 = Debug|x86
		Release|x86 = Release|x86
	EndGlobalSection
	GlobalSection(ProjectConfigurationPlatforms) = postSolution
		{1694A4E8-5FFE-47FD-A62C-327A42208990}.Debug|x86.ActiveCfg = Debug|x86
		{1694A4E8-5FFE-47FD-A62C-327A42208990}.Debug|x86.Build.0 = Debug|x86
		{1694A4E8-5FFE-47FD-A62C-327A42208990}.Release|x86.ActiveCfg = Release|x86
		{1694A4E8-5FFE-47FD-A62C-327A42208990}.Release|x86.Build.0 = Release|x86
		{58B5EED2-B817-49D8-9A5A-88E3C1863F88}.Debug|x86.ActiveCfg = Debug|Any CPU
		{58B5EED2-B817-49D8-9A5A-88E3C1863F88}.Release|x86.ActiveCfg = Release|Any CPU
	EndGlobalSection
	GlobalSection(MonoDevelopProperties) = preSolution
		StartupItem = Tween4cs\Tween4cs.csproj
	EndGlobalSection
EndGlobal
